
Microsoft Visual Studio Solution File, Format Version 12.00
# Visual Studio 15
VisualStudioVersion = 15.0.27703.2026
MinimumVisualStudioVersion = 10.0.40219.1
Project("{FAE04EC0-301F-11D3-BF4B-00C04F79EFBC}") = "PagamentoOnlineXikilaMoney", "PagamentoOnlineXikilaMoney\PagamentoOnlineXikilaMoney.csproj", "{473CCBE4-6542-4143-BA83-1CF1F608D219}"
EndProject
Global
	GlobalSection(SolutionConfigurationPlatforms) = preSolution
		Debug|Any CPU = Debug|Any CPU
		Release|Any CPU = Release|Any CPU
	EndGlobalSection
	GlobalSection(ProjectConfigurationPlatforms) = postSolution
		{473CCBE4-6542-4143-BA83-1CF1F608D219}.Debug|Any CPU.ActiveCfg = Debug|Any CPU
		{473CCBE4-6542-4143-BA83-1CF1F608D219}.Debug|Any CPU.Build.0 = Debug|Any CPU
		{473CCBE4-6542-4143-BA83-1CF1F608D219}.Release|Any CPU.ActiveCfg = Release|Any CPU
		{473CCBE4-6542-4143-BA83-1CF1F608D219}.Release|Any CPU.Build.0 = Release|Any CPU
	EndGlobalSection
	GlobalSection(SolutionProperties) = preSolution
		HideSolutionNode = FALSE
	EndGlobalSection
	GlobalSection(ExtensibilityGlobals) = postSolution
		SolutionGuid = {AE765FFE-5F36-4755-B9BB-933892A49CB3}
	EndGlobalSection
EndGlobal
